
Microsoft Visual Studio Solution File, Format Version 12.00
# Visual Studio Version 17
VisualStudioVersion = 17.4.33213.308
MinimumVisualStudioVersion = 10.0.40219.1
Project("{00D1A9C2-B5F0-4AF3-8072-F6C62B433612}") = "AGDevX.Spider.Database.SqlServer", "AGDevX.Spider.Database.SqlServer\AGDevX.Spider.Database.SqlServer.sqlproj", "{10B690DA-E52F-48A4-81D4-FC990425CEDE}"
EndProject
Global
	GlobalSection(SolutionConfigurationPlatforms) = preSolution
		Debug|Any CPU = Debug|Any CPU
		Release|Any CPU = Release|Any CPU
	EndGlobalSection
	GlobalSection(ProjectConfigurationPlatforms) = postSolution
		{10B690DA-E52F-48A4-81D4-FC990425CEDE}.Debug|Any CPU.ActiveCfg = Debug|Any CPU
		{10B690DA-E52F-48A4-81D4-FC990425CEDE}.Debug|Any CPU.Build.0 = Debug|Any CPU
		{10B690DA-E52F-48A4-81D4-FC990425CEDE}.Debug|Any CPU.Deploy.0 = Debug|Any CPU
		{10B690DA-E52F-48A4-81D4-FC990425CEDE}.Release|Any CPU.ActiveCfg = Release|Any CPU
		{10B690DA-E52F-48A4-81D4-FC990425CEDE}.Release|Any CPU.Build.0 = Release|Any CPU
		{10B690DA-E52F-48A4-81D4-FC990425CEDE}.Release|Any CPU.Deploy.0 = Release|Any CPU
	EndGlobalSection
	GlobalSection(SolutionProperties) = preSolution
		HideSolutionNode = FALSE
	EndGlobalSection
	GlobalSection(ExtensibilityGlobals) = postSolution
		SolutionGuid = {C0AE424A-9F1D-4771-86E5-0E2D6EB15FB7}
	EndGlobalSection
EndGlobal
