
Microsoft Visual Studio Solution File, Format Version 12.00
# Visual Studio Version 17
VisualStudioVersion = 17.4.33213.308
MinimumVisualStudioVersion = 10.0.40219.1
Project("{9A19103F-16F7-4668-BE54-9A1E7A4F7556}") = "AGDevX.Spider.WebApi", "AGDevX.Spider.WebApi\AGDevX.Spider.WebApi.csproj", "{7E66D73C-601D-4355-97C5-7308491AFDFC}"
EndProject
Project("{9A19103F-16F7-4668-BE54-9A1E7A4F7556}") = "AGDevX.Web.Swagger", "AGDevX.Web.Swagger\AGDevX.Web.Swagger.csproj", "{CF740EB9-1021-48AE-8C4A-37002CFBB289}"
EndProject
Project("{9A19103F-16F7-4668-BE54-9A1E7A4F7556}") = "AGDevX.Spider.Database", "AGDevX.Spider.Database\AGDevX.Spider.Database.csproj", "{2476AC4E-CF5D-4A46-9261-521630E5384B}"
EndProject
Project("{9A19103F-16F7-4668-BE54-9A1E7A4F7556}") = "AGDevX.Database", "AGDevX.Database\AGDevX.Database.csproj", "{85EF46D7-ACB2-46BF-833D-9FA3BBEBC891}"
EndProject
Project("{9A19103F-16F7-4668-BE54-9A1E7A4F7556}") = "AGDevX.Spider.Service", "AGDevX.Spider.Service\AGDevX.Spider.Service.csproj", "{189275CF-84FE-42B8-BA49-6DB2FCD22238}"
EndProject
Project("{2150E333-8FDC-42A3-9474-1A3956D46DE8}") = "Solution Items", "Solution Items", "{B26FC312-0AAE-49EE-B465-C00696C90F2D}"
	ProjectSection(SolutionItems) = preProject
		.editorconfig = .editorconfig
	EndProjectSection
EndProject
Project("{9A19103F-16F7-4668-BE54-9A1E7A4F7556}") = "AGDevX.Web", "AGDevX.Web\AGDevX.Web.csproj", "{565301A1-E89E-4B11-A65B-DA50147F450C}"
EndProject
Project("{9A19103F-16F7-4668-BE54-9A1E7A4F7556}") = "AGDevX.Web.Auth0", "AGDevX.Web.Auth0\AGDevX.Web.Auth0.csproj", "{D03E17F2-BDF0-40FB-94B9-ED40D5F18DA8}"
EndProject
Project("{2150E333-8FDC-42A3-9474-1A3956D46DE8}") = "Tests", "Tests", "{212EBB6F-16D7-4571-B3EC-367F36C725C9}"
EndProject
Project("{9A19103F-16F7-4668-BE54-9A1E7A4F7556}") = "AGDevX.Database.Tests", "AGDevX.Database.Tests\AGDevX.Database.Tests.csproj", "{D32972BB-CCE0-4809-8DF0-601C7EE6BE19}"
EndProject
Global
	GlobalSection(SolutionConfigurationPlatforms) = preSolution
		Debug|Any CPU = Debug|Any CPU
		Release|Any CPU = Release|Any CPU
	EndGlobalSection
	GlobalSection(ProjectConfigurationPlatforms) = postSolution
		{7E66D73C-601D-4355-97C5-7308491AFDFC}.Debug|Any CPU.ActiveCfg = Debug|Any CPU
		{7E66D73C-601D-4355-97C5-7308491AFDFC}.Debug|Any CPU.Build.0 = Debug|Any CPU
		{7E66D73C-601D-4355-97C5-7308491AFDFC}.Release|Any CPU.ActiveCfg = Release|Any CPU
		{7E66D73C-601D-4355-97C5-7308491AFDFC}.Release|Any CPU.Build.0 = Release|Any CPU
		{CF740EB9-1021-48AE-8C4A-37002CFBB289}.Debug|Any CPU.ActiveCfg = Debug|Any CPU
		{CF740EB9-1021-48AE-8C4A-37002CFBB289}.Debug|Any CPU.Build.0 = Debug|Any CPU
		{CF740EB9-1021-48AE-8C4A-37002CFBB289}.Release|Any CPU.ActiveCfg = Release|Any CPU
		{CF740EB9-1021-48AE-8C4A-37002CFBB289}.Release|Any CPU.Build.0 = Release|Any CPU
		{2476AC4E-CF5D-4A46-9261-521630E5384B}.Debug|Any CPU.ActiveCfg = Debug|Any CPU
		{2476AC4E-CF5D-4A46-9261-521630E5384B}.Debug|Any CPU.Build.0 = Debug|Any CPU
		{2476AC4E-CF5D-4A46-9261-521630E5384B}.Release|Any CPU.ActiveCfg = Release|Any CPU
		{2476AC4E-CF5D-4A46-9261-521630E5384B}.Release|Any CPU.Build.0 = Release|Any CPU
		{85EF46D7-ACB2-46BF-833D-9FA3BBEBC891}.Debug|Any CPU.ActiveCfg = Debug|Any CPU
		{85EF46D7-ACB2-46BF-833D-9FA3BBEBC891}.Debug|Any CPU.Build.0 = Debug|Any CPU
		{85EF46D7-ACB2-46BF-833D-9FA3BBEBC891}.Release|Any CPU.ActiveCfg = Release|Any CPU
		{85EF46D7-ACB2-46BF-833D-9FA3BBEBC891}.Release|Any CPU.Build.0 = Release|Any CPU
		{189275CF-84FE-42B8-BA49-6DB2FCD22238}.Debug|Any CPU.ActiveCfg = Debug|Any CPU
		{189275CF-84FE-42B8-BA49-6DB2FCD22238}.Debug|Any CPU.Build.0 = Debug|Any CPU
		{189275CF-84FE-42B8-BA49-6DB2FCD22238}.Release|Any CPU.ActiveCfg = Release|Any CPU
		{189275CF-84FE-42B8-BA49-6DB2FCD22238}.Release|Any CPU.Build.0 = Release|Any CPU
		{565301A1-E89E-4B11-A65B-DA50147F450C}.Debug|Any CPU.ActiveCfg = Debug|Any CPU
		{565301A1-E89E-4B11-A65B-DA50147F450C}.Debug|Any CPU.Build.0 = Debug|Any CPU
		{565301A1-E89E-4B11-A65B-DA50147F450C}.Release|Any CPU.ActiveCfg = Release|Any CPU
		{565301A1-E89E-4B11-A65B-DA50147F450C}.Release|Any CPU.Build.0 = Release|Any CPU
		{D03E17F2-BDF0-40FB-94B9-ED40D5F18DA8}.Debug|Any CPU.ActiveCfg = Debug|Any CPU
		{D03E17F2-BDF0-40FB-94B9-ED40D5F18DA8}.Debug|Any CPU.Build.0 = Debug|Any CPU
		{D03E17F2-BDF0-40FB-94B9-ED40D5F18DA8}.Release|Any CPU.ActiveCfg = Release|Any CPU
		{D03E17F2-BDF0-40FB-94B9-ED40D5F18DA8}.Release|Any CPU.Build.0 = Release|Any CPU
		{D32972BB-CCE0-4809-8DF0-601C7EE6BE19}.Debug|Any CPU.ActiveCfg = Debug|Any CPU
		{D32972BB-CCE0-4809-8DF0-601C7EE6BE19}.Debug|Any CPU.Build.0 = Debug|Any CPU
		{D32972BB-CCE0-4809-8DF0-601C7EE6BE19}.Release|Any CPU.ActiveCfg = Release|Any CPU
		{D32972BB-CCE0-4809-8DF0-601C7EE6BE19}.Release|Any CPU.Build.0 = Release|Any CPU
	EndGlobalSection
	GlobalSection(SolutionProperties) = preSolution
		HideSolutionNode = FALSE
	EndGlobalSection
	GlobalSection(NestedProjects) = preSolution
		{D32972BB-CCE0-4809-8DF0-601C7EE6BE19} = {212EBB6F-16D7-4571-B3EC-367F36C725C9}
	EndGlobalSection
	GlobalSection(ExtensibilityGlobals) = postSolution
		SolutionGuid = {1B23F539-F86F-4C88-806D-66204D050AEE}
	EndGlobalSection
EndGlobal
